
Microsoft Visual Studio Solution File, Format Version 12.00
# Visual Studio Version 16
VisualStudioVersion = 16.0.28922.388
MinimumVisualStudioVersion = 10.0.40219.1
Project("{9A19103F-16F7-4668-BE54-9A1E7A4F7556}") = "LittleWeb", "LittleWeb.csproj", "{C37D934D-86D5-472D-AF34-3A774D58F8F7}"
EndProject
Project("{FAE04EC0-301F-11D3-BF4B-00C04F79EFBC}") = "Data", "..\Data\Data.csproj", "{A72D81EF-1007-4C8C-B318-F3351C00EB49}"
EndProject
Global
	GlobalSection(SolutionConfigurationPlatforms) = preSolution
		Debug|Any CPU = Debug|Any CPU
		Release|Any CPU = Release|Any CPU
	EndGlobalSection
	GlobalSection(ProjectConfigurationPlatforms) = postSolution
		{C37D934D-86D5-472D-AF34-3A774D58F8F7}.Debug|Any CPU.ActiveCfg = Debug|Any CPU
		{C37D934D-86D5-472D-AF34-3A774D58F8F7}.Debug|Any CPU.Build.0 = Debug|Any CPU
		{C37D934D-86D5-472D-AF34-3A774D58F8F7}.Release|Any CPU.ActiveCfg = Release|Any CPU
		{C37D934D-86D5-472D-AF34-3A774D58F8F7}.Release|Any CPU.Build.0 = Release|Any CPU
		{A72D81EF-1007-4C8C-B318-F3351C00EB49}.Debug|Any CPU.ActiveCfg = Debug|Any CPU
		{A72D81EF-1007-4C8C-B318-F3351C00EB49}.Debug|Any CPU.Build.0 = Debug|Any CPU
		{A72D81EF-1007-4C8C-B318-F3351C00EB49}.Release|Any CPU.ActiveCfg = Release|Any CPU
		{A72D81EF-1007-4C8C-B318-F3351C00EB49}.Release|Any CPU.Build.0 = Release|Any CPU
	EndGlobalSection
	GlobalSection(SolutionProperties) = preSolution
		HideSolutionNode = FALSE
	EndGlobalSection
	GlobalSection(ExtensibilityGlobals) = postSolution
		SolutionGuid = {214AAC72-755C-478D-AC73-795832C89526}
	EndGlobalSection
EndGlobal
